
Microsoft Visual Studio Solution File, Format Version 12.00
# Visual Studio 14
VisualStudioVersion = 14.0.25420.1
MinimumVisualStudioVersion = 10.0.40219.1
Project("{FAE04EC0-301F-11D3-BF4B-00C04F79EFBC}") = "api", "api\api.csproj", "{18AA981B-FF90-4103-AB51-5562C2856473}"
EndProject
Project("{FAE04EC0-301F-11D3-BF4B-00C04F79EFBC}") = "UnitTestApi", "UnitTestApi\UnitTestApi.csproj", "{18784C72-638C-4A36-8365-E77079A17837}"
EndProject
Project("{FAE04EC0-301F-11D3-BF4B-00C04F79EFBC}") = "uPLibrary.Networking", "uPLibrary.Networking\uPLibrary.Networking.csproj", "{A7D11055-B759-4E2E-A54C-F25EF48E924D}"
EndProject
Project("{FAE04EC0-301F-11D3-BF4B-00C04F79EFBC}") = "Newtonsoft.Json.Net35", "Json50r6\Source\Src\Newtonsoft.Json\Newtonsoft.Json.Net35.csproj", "{B70AD007-4437-44C2-A25A-6D5AE41691F9}"
EndProject
Global
	GlobalSection(SolutionConfigurationPlatforms) = preSolution
		Debug|Any CPU = Debug|Any CPU
		Debug|x64 = Debug|x64
		Debug|x86 = Debug|x86
		Release|Any CPU = Release|Any CPU
		Release|x64 = Release|x64
		Release|x86 = Release|x86
	EndGlobalSection
	GlobalSection(ProjectConfigurationPlatforms) = postSolution
		{18AA981B-FF90-4103-AB51-5562C2856473}.Debug|Any CPU.ActiveCfg = Debug|Any CPU
		{18AA981B-FF90-4103-AB51-5562C2856473}.Debug|Any CPU.Build.0 = Debug|Any CPU
		{18AA981B-FF90-4103-AB51-5562C2856473}.Debug|x64.ActiveCfg = Debug|Any CPU
		{18AA981B-FF90-4103-AB51-5562C2856473}.Debug|x64.Build.0 = Debug|Any CPU
		{18AA981B-FF90-4103-AB51-5562C2856473}.Debug|x86.ActiveCfg = Debug|Any CPU
		{18AA981B-FF90-4103-AB51-5562C2856473}.Debug|x86.Build.0 = Debug|Any CPU
		{18AA981B-FF90-4103-AB51-5562C2856473}.Release|Any CPU.ActiveCfg = Release|Any CPU
		{18AA981B-FF90-4103-AB51-5562C2856473}.Release|Any CPU.Build.0 = Release|Any CPU
		{18AA981B-FF90-4103-AB51-5562C2856473}.Release|x64.ActiveCfg = Release|Any CPU
		{18AA981B-FF90-4103-AB51-5562C2856473}.Release|x64.Build.0 = Release|Any CPU
		{18AA981B-FF90-4103-AB51-5562C2856473}.Release|x86.ActiveCfg = Release|Any CPU
		{18AA981B-FF90-4103-AB51-5562C2856473}.Release|x86.Build.0 = Release|Any CPU
		{18784C72-638C-4A36-8365-E77079A17837}.Debug|Any CPU.ActiveCfg = Debug|Any CPU
		{18784C72-638C-4A36-8365-E77079A17837}.Debug|Any CPU.Build.0 = Debug|Any CPU
		{18784C72-638C-4A36-8365-E77079A17837}.Debug|x64.ActiveCfg = Debug|Any CPU
		{18784C72-638C-4A36-8365-E77079A17837}.Debug|x64.Build.0 = Debug|Any CPU
		{18784C72-638C-4A36-8365-E77079A17837}.Debug|x86.ActiveCfg = Debug|Any CPU
		{18784C72-638C-4A36-8365-E77079A17837}.Debug|x86.Build.0 = Debug|Any CPU
		{18784C72-638C-4A36-8365-E77079A17837}.Release|Any CPU.ActiveCfg = Release|Any CPU
		{18784C72-638C-4A36-8365-E77079A17837}.Release|Any CPU.Build.0 = Release|Any CPU
		{18784C72-638C-4A36-8365-E77079A17837}.Release|x64.ActiveCfg = Release|Any CPU
		{18784C72-638C-4A36-8365-E77079A17837}.Release|x64.Build.0 = Release|Any CPU
		{18784C72-638C-4A36-8365-E77079A17837}.Release|x86.ActiveCfg = Release|Any CPU
		{18784C72-638C-4A36-8365-E77079A17837}.Release|x86.Build.0 = Release|Any CPU
		{A7D11055-B759-4E2E-A54C-F25EF48E924D}.Debug|Any CPU.ActiveCfg = Debug|Any CPU
		{A7D11055-B759-4E2E-A54C-F25EF48E924D}.Debug|Any CPU.Build.0 = Debug|Any CPU
		{A7D11055-B759-4E2E-A54C-F25EF48E924D}.Debug|x64.ActiveCfg = Debug|x64
		{A7D11055-B759-4E2E-A54C-F25EF48E924D}.Debug|x64.Build.0 = Debug|x64
		{A7D11055-B759-4E2E-A54C-F25EF48E924D}.Debug|x86.ActiveCfg = Debug|x86
		{A7D11055-B759-4E2E-A54C-F25EF48E924D}.Debug|x86.Build.0 = Debug|x86
		{A7D11055-B759-4E2E-A54C-F25EF48E924D}.Release|Any CPU.ActiveCfg = Release|Any CPU
		{A7D11055-B759-4E2E-A54C-F25EF48E924D}.Release|Any CPU.Build.0 = Release|Any CPU
		{A7D11055-B759-4E2E-A54C-F25EF48E924D}.Release|x64.ActiveCfg = Release|x64
		{A7D11055-B759-4E2E-A54C-F25EF48E924D}.Release|x64.Build.0 = Release|x64
		{A7D11055-B759-4E2E-A54C-F25EF48E924D}.Release|x86.ActiveCfg = Release|x86
		{A7D11055-B759-4E2E-A54C-F25EF48E924D}.Release|x86.Build.0 = Release|x86
		{B70AD007-4437-44C2-A25A-6D5AE41691F9}.Debug|Any CPU.ActiveCfg = Debug|Any CPU
		{B70AD007-4437-44C2-A25A-6D5AE41691F9}.Debug|Any CPU.Build.0 = Debug|Any CPU
		{B70AD007-4437-44C2-A25A-6D5AE41691F9}.Debug|x64.ActiveCfg = Debug|Any CPU
		{B70AD007-4437-44C2-A25A-6D5AE41691F9}.Debug|x64.Build.0 = Debug|Any CPU
		{B70AD007-4437-44C2-A25A-6D5AE41691F9}.Debug|x86.ActiveCfg = Debug|Any CPU
		{B70AD007-4437-44C2-A25A-6D5AE41691F9}.Debug|x86.Build.0 = Debug|Any CPU
		{B70AD007-4437-44C2-A25A-6D5AE41691F9}.Release|Any CPU.ActiveCfg = Release|Any CPU
		{B70AD007-4437-44C2-A25A-6D5AE41691F9}.Release|Any CPU.Build.0 = Release|Any CPU
		{B70AD007-4437-44C2-A25A-6D5AE41691F9}.Release|x64.ActiveCfg = Release|Any CPU
		{B70AD007-4437-44C2-A25A-6D5AE41691F9}.Release|x64.Build.0 = Release|Any CPU
		{B70AD007-4437-44C2-A25A-6D5AE41691F9}.Release|x86.ActiveCfg = Release|Any CPU
		{B70AD007-4437-44C2-A25A-6D5AE41691F9}.Release|x86.Build.0 = Release|Any CPU
	EndGlobalSection
	GlobalSection(SolutionProperties) = preSolution
		HideSolutionNode = FALSE
	EndGlobalSection
EndGlobal
