
Microsoft Visual Studio Solution File, Format Version 12.00
# Visual Studio 14
VisualStudioVersion = 14.0.25420.1
MinimumVisualStudioVersion = 10.0.40219.1
Project("{FAE04EC0-301F-11D3-BF4B-00C04F79EFBC}") = "entity", "entity\entity.csproj", "{5507FC0F-D24B-4623-A8B0-A5421268DEA9}"
EndProject
Project("{FAE04EC0-301F-11D3-BF4B-00C04F79EFBC}") = "api", "api\api.csproj", "{18AA981B-FF90-4103-AB51-5562C2856473}"
EndProject
Project("{FAE04EC0-301F-11D3-BF4B-00C04F79EFBC}") = "UnitTestApi", "UnitTestApi\UnitTestApi.csproj", "{18784C72-638C-4A36-8365-E77079A17837}"
EndProject
Global
	GlobalSection(SolutionConfigurationPlatforms) = preSolution
		Debug|Any CPU = Debug|Any CPU
		Release|Any CPU = Release|Any CPU
	EndGlobalSection
	GlobalSection(ProjectConfigurationPlatforms) = postSolution
		{5507FC0F-D24B-4623-A8B0-A5421268DEA9}.Debug|Any CPU.ActiveCfg = Debug|Any CPU
		{5507FC0F-D24B-4623-A8B0-A5421268DEA9}.Debug|Any CPU.Build.0 = Debug|Any CPU
		{5507FC0F-D24B-4623-A8B0-A5421268DEA9}.Release|Any CPU.ActiveCfg = Release|Any CPU
		{5507FC0F-D24B-4623-A8B0-A5421268DEA9}.Release|Any CPU.Build.0 = Release|Any CPU
		{18AA981B-FF90-4103-AB51-5562C2856473}.Debug|Any CPU.ActiveCfg = Debug|Any CPU
		{18AA981B-FF90-4103-AB51-5562C2856473}.Debug|Any CPU.Build.0 = Debug|Any CPU
		{18AA981B-FF90-4103-AB51-5562C2856473}.Release|Any CPU.ActiveCfg = Release|Any CPU
		{18AA981B-FF90-4103-AB51-5562C2856473}.Release|Any CPU.Build.0 = Release|Any CPU
		{18784C72-638C-4A36-8365-E77079A17837}.Debug|Any CPU.ActiveCfg = Debug|Any CPU
		{18784C72-638C-4A36-8365-E77079A17837}.Debug|Any CPU.Build.0 = Debug|Any CPU
		{18784C72-638C-4A36-8365-E77079A17837}.Release|Any CPU.ActiveCfg = Release|Any CPU
		{18784C72-638C-4A36-8365-E77079A17837}.Release|Any CPU.Build.0 = Release|Any CPU
	EndGlobalSection
	GlobalSection(SolutionProperties) = preSolution
		HideSolutionNode = FALSE
	EndGlobalSection
EndGlobal
